
Microsoft Visual Studio Solution File, Format Version 12.00
# Visual Studio Version 17
VisualStudioVersion = 17.13.35931.197 d17.13
MinimumVisualStudioVersion = 10.0.40219.1
Project("{FAE04EC0-301F-11D3-BF4B-00C04F79EFBC}") = "Lr11", "Lr11.csproj", "{927FF47C-6100-46C3-9FF9-9666189C4488}"
EndProject
Global
	GlobalSection(SolutionConfigurationPlatforms) = preSolution
		Debug|Any CPU = Debug|Any CPU
		Release|Any CPU = Release|Any CPU
	EndGlobalSection
	GlobalSection(ProjectConfigurationPlatforms) = postSolution
		{927FF47C-6100-46C3-9FF9-9666189C4488}.Debug|Any CPU.ActiveCfg = Debug|Any CPU
		{927FF47C-6100-46C3-9FF9-9666189C4488}.Debug|Any CPU.Build.0 = Debug|Any CPU
		{927FF47C-6100-46C3-9FF9-9666189C4488}.Release|Any CPU.ActiveCfg = Release|Any CPU
		{927FF47C-6100-46C3-9FF9-9666189C4488}.Release|Any CPU.Build.0 = Release|Any CPU
	EndGlobalSection
	GlobalSection(SolutionProperties) = preSolution
		HideSolutionNode = FALSE
	EndGlobalSection
	GlobalSection(ExtensibilityGlobals) = postSolution
		SolutionGuid = {969A64B6-7CB3-457B-A0DB-E1A146D281CB}
	EndGlobalSection
EndGlobal
