
Microsoft Visual Studio Solution File, Format Version 12.00
# Visual Studio Version 17
VisualStudioVersion = 17.13.35931.197 d17.13
MinimumVisualStudioVersion = 10.0.40219.1
Project("{FAE04EC0-301F-11D3-BF4B-00C04F79EFBC}") = "lr7", "lr7.csproj", "{9F6434E7-232B-4520-9ACC-19650B2BB7D4}"
EndProject
Global
	GlobalSection(SolutionConfigurationPlatforms) = preSolution
		Debug|Any CPU = Debug|Any CPU
		Release|Any CPU = Release|Any CPU
	EndGlobalSection
	GlobalSection(ProjectConfigurationPlatforms) = postSolution
		{9F6434E7-232B-4520-9ACC-19650B2BB7D4}.Debug|Any CPU.ActiveCfg = Debug|Any CPU
		{9F6434E7-232B-4520-9ACC-19650B2BB7D4}.Debug|Any CPU.Build.0 = Debug|Any CPU
		{9F6434E7-232B-4520-9ACC-19650B2BB7D4}.Release|Any CPU.ActiveCfg = Release|Any CPU
		{9F6434E7-232B-4520-9ACC-19650B2BB7D4}.Release|Any CPU.Build.0 = Release|Any CPU
	EndGlobalSection
	GlobalSection(SolutionProperties) = preSolution
		HideSolutionNode = FALSE
	EndGlobalSection
	GlobalSection(ExtensibilityGlobals) = postSolution
		SolutionGuid = {8BB86329-6898-481F-965A-164E7CE723C5}
	EndGlobalSection
EndGlobal
