
Microsoft Visual Studio Solution File, Format Version 12.00
# Visual Studio Version 17
VisualStudioVersion = 17.11.35312.102
MinimumVisualStudioVersion = 10.0.40219.1
Project("{FAE04EC0-301F-11D3-BF4B-00C04F79EFBC}") = "FourthLab", "FourthLab.csproj", "{A0A87C28-AC32-4723-8FEC-B893A30EE7BE}"
EndProject
Global
	GlobalSection(SolutionConfigurationPlatforms) = preSolution
		Debug|Any CPU = Debug|Any CPU
		Release|Any CPU = Release|Any CPU
	EndGlobalSection
	GlobalSection(ProjectConfigurationPlatforms) = postSolution
		{A0A87C28-AC32-4723-8FEC-B893A30EE7BE}.Debug|Any CPU.ActiveCfg = Debug|Any CPU
		{A0A87C28-AC32-4723-8FEC-B893A30EE7BE}.Debug|Any CPU.Build.0 = Debug|Any CPU
		{A0A87C28-AC32-4723-8FEC-B893A30EE7BE}.Release|Any CPU.ActiveCfg = Release|Any CPU
		{A0A87C28-AC32-4723-8FEC-B893A30EE7BE}.Release|Any CPU.Build.0 = Release|Any CPU
	EndGlobalSection
	GlobalSection(SolutionProperties) = preSolution
		HideSolutionNode = FALSE
	EndGlobalSection
	GlobalSection(ExtensibilityGlobals) = postSolution
		SolutionGuid = {00E7E644-6359-4816-B728-90B8D1D5355C}
	EndGlobalSection
EndGlobal
