
Microsoft Visual Studio Solution File, Format Version 12.00
# Visual Studio Version 17
VisualStudioVersion = 17.11.35312.102
MinimumVisualStudioVersion = 10.0.40219.1
Project("{FAE04EC0-301F-11D3-BF4B-00C04F79EFBC}") = "Lr5", "Lr5.csproj", "{0597DF73-A611-4709-BA88-36E6964C20A7}"
EndProject
Global
	GlobalSection(SolutionConfigurationPlatforms) = preSolution
		Debug|Any CPU = Debug|Any CPU
		Release|Any CPU = Release|Any CPU
	EndGlobalSection
	GlobalSection(ProjectConfigurationPlatforms) = postSolution
		{0597DF73-A611-4709-BA88-36E6964C20A7}.Debug|Any CPU.ActiveCfg = Debug|Any CPU
		{0597DF73-A611-4709-BA88-36E6964C20A7}.Debug|Any CPU.Build.0 = Debug|Any CPU
		{0597DF73-A611-4709-BA88-36E6964C20A7}.Release|Any CPU.ActiveCfg = Release|Any CPU
		{0597DF73-A611-4709-BA88-36E6964C20A7}.Release|Any CPU.Build.0 = Release|Any CPU
	EndGlobalSection
	GlobalSection(SolutionProperties) = preSolution
		HideSolutionNode = FALSE
	EndGlobalSection
	GlobalSection(ExtensibilityGlobals) = postSolution
		SolutionGuid = {D5ED82DB-7895-4E9F-A39B-911D4A82FEF0}
	EndGlobalSection
EndGlobal
